
Microsoft Visual Studio Solution File, Format Version 12.00
# Visual Studio Version 16
VisualStudioVersion = 16.0.31313.79
MinimumVisualStudioVersion = 10.0.40219.1
Project("{FAE04EC0-301F-11D3-BF4B-00C04F79EFBC}") = "WSIiZ_WPF", "WSIiZ_WPF\WSIiZ_WPF.csproj", "{B0F89DF7-C4D8-472F-9A0B-02B0CA29AA91}"
EndProject
Project("{FAE04EC0-301F-11D3-BF4B-00C04F79EFBC}") = "WSIiZ_WPF.Tests", "WSIiZ_WPF.Tests\WSIiZ_WPF.Tests.csproj", "{7449349C-2B9E-4505-A630-53042CDFEF7D}"
EndProject
Global
	GlobalSection(SolutionConfigurationPlatforms) = preSolution
		Debug|Any CPU = Debug|Any CPU
		Release|Any CPU = Release|Any CPU
	EndGlobalSection
	GlobalSection(ProjectConfigurationPlatforms) = postSolution
		{B0F89DF7-C4D8-472F-9A0B-02B0CA29AA91}.Debug|Any CPU.ActiveCfg = Debug|Any CPU
		{B0F89DF7-C4D8-472F-9A0B-02B0CA29AA91}.Debug|Any CPU.Build.0 = Debug|Any CPU
		{B0F89DF7-C4D8-472F-9A0B-02B0CA29AA91}.Release|Any CPU.ActiveCfg = Release|Any CPU
		{B0F89DF7-C4D8-472F-9A0B-02B0CA29AA91}.Release|Any CPU.Build.0 = Release|Any CPU
		{7449349C-2B9E-4505-A630-53042CDFEF7D}.Debug|Any CPU.ActiveCfg = Debug|Any CPU
		{7449349C-2B9E-4505-A630-53042CDFEF7D}.Debug|Any CPU.Build.0 = Debug|Any CPU
		{7449349C-2B9E-4505-A630-53042CDFEF7D}.Release|Any CPU.ActiveCfg = Release|Any CPU
		{7449349C-2B9E-4505-A630-53042CDFEF7D}.Release|Any CPU.Build.0 = Release|Any CPU
	EndGlobalSection
	GlobalSection(SolutionProperties) = preSolution
		HideSolutionNode = FALSE
	EndGlobalSection
	GlobalSection(ExtensibilityGlobals) = postSolution
		SolutionGuid = {AA907554-2D1D-49D9-8B9F-2C692FE9946D}
	EndGlobalSection
EndGlobal
